
Microsoft Visual Studio Solution File, Format Version 12.00
# Visual Studio Version 17
VisualStudioVersion = 17.13.35825.156
MinimumVisualStudioVersion = 10.0.40219.1
Project("{FAE04EC0-301F-11D3-BF4B-00C04F79EFBC}") = "ListaDeExercicios.Exercicio01", "ListaDeExercicios.Execicios01\ListaDeExercicios.Exercicio01.csproj", "{B20CB490-F96F-4052-8A22-67A5A88B72D2}"
EndProject
Project("{FAE04EC0-301F-11D3-BF4B-00C04F79EFBC}") = "ListaDeExercicios.Exercicio02", "ListaDeExercicios.Exercicio02\ListaDeExercicios.Exercicio02.csproj", "{7F8072A9-B4DE-4FE1-A225-DF0B876E899D}"
EndProject
Project("{FAE04EC0-301F-11D3-BF4B-00C04F79EFBC}") = "ListaDeExercicios.Exercicio04", "ListaDeExercicios.Exercicio04\ListaDeExercicios.Exercicio04.csproj", "{55E59790-FC78-419A-91EE-1B8176A65924}"
EndProject
Project("{FAE04EC0-301F-11D3-BF4B-00C04F79EFBC}") = "ListaDeExercicios.Exercicio05", "ListaDeExercicios.Exercicio05\ListaDeExercicios.Exercicio05.csproj", "{00A82939-D917-4EE5-8ACA-AD9850611788}"
EndProject
Project("{FAE04EC0-301F-11D3-BF4B-00C04F79EFBC}") = "ListaDeExercicios.Exercicio06", "ListaDeExercicios.Exercicio06\ListaDeExercicios.Exercicio06.csproj", "{6855E333-78C3-4F11-980C-FE9008BB6351}"
EndProject
Project("{FAE04EC0-301F-11D3-BF4B-00C04F79EFBC}") = "ListaDeExercicios.Exercicio07", "ListaDeExercicios.Exercicio07\ListaDeExercicios.Exercicio07.csproj", "{0CB61697-D05D-4C0C-9D80-168304D3E18F}"
EndProject
Project("{FAE04EC0-301F-11D3-BF4B-00C04F79EFBC}") = "ListaDeExercicios.Exercicio08", "ListaDeExercicios.Exercicio08\ListaDeExercicios.Exercicio08.csproj", "{BC807FCC-C450-473B-A7DE-8728BA5D2F45}"
EndProject
Project("{FAE04EC0-301F-11D3-BF4B-00C04F79EFBC}") = "ListaDeExercicios.Exercicio09", "ListaDeExercicios.Exercicio09\ListaDeExercicios.Exercicio09.csproj", "{45DE277E-C1EE-4EF6-AA2B-EC559A1876C2}"
EndProject
Project("{FAE04EC0-301F-11D3-BF4B-00C04F79EFBC}") = "ListaDeExercicios.Exercicio10", "ListaDeExercicios.Exercicio10\ListaDeExercicios.Exercicio10.csproj", "{7729AD48-F70C-4CAA-99C9-3427B8E95F02}"
EndProject
Project("{FAE04EC0-301F-11D3-BF4B-00C04F79EFBC}") = "ListaDeExercicios.Exercicio11", "ListaDeExercicios.Exercicio11\ListaDeExercicios.Exercicio11.csproj", "{8633692F-4B3A-4451-96A7-E2879EDECC16}"
EndProject
Project("{FAE04EC0-301F-11D3-BF4B-00C04F79EFBC}") = "ListaDeExercicios.Exercicio12", "ListaDeExercicios.Exercicio12\ListaDeExercicios.Exercicio12.csproj", "{76224084-BBF2-47BC-8B7B-E809BA7977B4}"
EndProject
Project("{FAE04EC0-301F-11D3-BF4B-00C04F79EFBC}") = "ListaDeExercicios.Exercicio13", "ListaDeExercicios.Exercicio13\ListaDeExercicios.Exercicio13.csproj", "{1D89A91E-89BB-4485-8FE0-DAB01F97B0B0}"
EndProject
Project("{FAE04EC0-301F-11D3-BF4B-00C04F79EFBC}") = "ListaDeExercicios.Exercicio14", "ListaDeExercicios.Exercicio14\ListaDeExercicios.Exercicio14.csproj", "{77E7D3A6-4A17-4A8A-A431-AF58CE104583}"
EndProject
Project("{FAE04EC0-301F-11D3-BF4B-00C04F79EFBC}") = "ListaDeExercicios.Exercicio03", "ListaDeExercicios.Exercicio03\ListaDeExercicios.Exercicio03.csproj", "{500A5FA3-AEE5-4A82-AD14-2150B123B33E}"
EndProject
Project("{FAE04EC0-301F-11D3-BF4B-00C04F79EFBC}") = "ListaDeExercicios.Exercicio15", "ListaDeExercicios.Exercicio15\ListaDeExercicios.Exercicio15.csproj", "{253E28EB-63C6-4258-80D6-678FD43EF888}"
EndProject
Global
	GlobalSection(SolutionConfigurationPlatforms) = preSolution
		Debug|Any CPU = Debug|Any CPU
		Release|Any CPU = Release|Any CPU
	EndGlobalSection
	GlobalSection(ProjectConfigurationPlatforms) = postSolution
		{B20CB490-F96F-4052-8A22-67A5A88B72D2}.Debug|Any CPU.ActiveCfg = Debug|Any CPU
		{B20CB490-F96F-4052-8A22-67A5A88B72D2}.Debug|Any CPU.Build.0 = Debug|Any CPU
		{B20CB490-F96F-4052-8A22-67A5A88B72D2}.Release|Any CPU.ActiveCfg = Release|Any CPU
		{B20CB490-F96F-4052-8A22-67A5A88B72D2}.Release|Any CPU.Build.0 = Release|Any CPU
		{7F8072A9-B4DE-4FE1-A225-DF0B876E899D}.Debug|Any CPU.ActiveCfg = Debug|Any CPU
		{7F8072A9-B4DE-4FE1-A225-DF0B876E899D}.Debug|Any CPU.Build.0 = Debug|Any CPU
		{7F8072A9-B4DE-4FE1-A225-DF0B876E899D}.Release|Any CPU.ActiveCfg = Release|Any CPU
		{7F8072A9-B4DE-4FE1-A225-DF0B876E899D}.Release|Any CPU.Build.0 = Release|Any CPU
		{55E59790-FC78-419A-91EE-1B8176A65924}.Debug|Any CPU.ActiveCfg = Debug|Any CPU
		{55E59790-FC78-419A-91EE-1B8176A65924}.Debug|Any CPU.Build.0 = Debug|Any CPU
		{55E59790-FC78-419A-91EE-1B8176A65924}.Release|Any CPU.ActiveCfg = Release|Any CPU
		{55E59790-FC78-419A-91EE-1B8176A65924}.Release|Any CPU.Build.0 = Release|Any CPU
		{00A82939-D917-4EE5-8ACA-AD9850611788}.Debug|Any CPU.ActiveCfg = Debug|Any CPU
		{00A82939-D917-4EE5-8ACA-AD9850611788}.Debug|Any CPU.Build.0 = Debug|Any CPU
		{00A82939-D917-4EE5-8ACA-AD9850611788}.Release|Any CPU.ActiveCfg = Release|Any CPU
		{00A82939-D917-4EE5-8ACA-AD9850611788}.Release|Any CPU.Build.0 = Release|Any CPU
		{6855E333-78C3-4F11-980C-FE9008BB6351}.Debug|Any CPU.ActiveCfg = Debug|Any CPU
		{6855E333-78C3-4F11-980C-FE9008BB6351}.Debug|Any CPU.Build.0 = Debug|Any CPU
		{6855E333-78C3-4F11-980C-FE9008BB6351}.Release|Any CPU.ActiveCfg = Release|Any CPU
		{6855E333-78C3-4F11-980C-FE9008BB6351}.Release|Any CPU.Build.0 = Release|Any CPU
		{0CB61697-D05D-4C0C-9D80-168304D3E18F}.Debug|Any CPU.ActiveCfg = Debug|Any CPU
		{0CB61697-D05D-4C0C-9D80-168304D3E18F}.Debug|Any CPU.Build.0 = Debug|Any CPU
		{0CB61697-D05D-4C0C-9D80-168304D3E18F}.Release|Any CPU.ActiveCfg = Release|Any CPU
		{0CB61697-D05D-4C0C-9D80-168304D3E18F}.Release|Any CPU.Build.0 = Release|Any CPU
		{BC807FCC-C450-473B-A7DE-8728BA5D2F45}.Debug|Any CPU.ActiveCfg = Debug|Any CPU
		{BC807FCC-C450-473B-A7DE-8728BA5D2F45}.Debug|Any CPU.Build.0 = Debug|Any CPU
		{BC807FCC-C450-473B-A7DE-8728BA5D2F45}.Release|Any CPU.ActiveCfg = Release|Any CPU
		{BC807FCC-C450-473B-A7DE-8728BA5D2F45}.Release|Any CPU.Build.0 = Release|Any CPU
		{45DE277E-C1EE-4EF6-AA2B-EC559A1876C2}.Debug|Any CPU.ActiveCfg = Debug|Any CPU
		{45DE277E-C1EE-4EF6-AA2B-EC559A1876C2}.Debug|Any CPU.Build.0 = Debug|Any CPU
		{45DE277E-C1EE-4EF6-AA2B-EC559A1876C2}.Release|Any CPU.ActiveCfg = Release|Any CPU
		{45DE277E-C1EE-4EF6-AA2B-EC559A1876C2}.Release|Any CPU.Build.0 = Release|Any CPU
		{7729AD48-F70C-4CAA-99C9-3427B8E95F02}.Debug|Any CPU.ActiveCfg = Debug|Any CPU
		{7729AD48-F70C-4CAA-99C9-3427B8E95F02}.Debug|Any CPU.Build.0 = Debug|Any CPU
		{7729AD48-F70C-4CAA-99C9-3427B8E95F02}.Release|Any CPU.ActiveCfg = Release|Any CPU
		{7729AD48-F70C-4CAA-99C9-3427B8E95F02}.Release|Any CPU.Build.0 = Release|Any CPU
		{8633692F-4B3A-4451-96A7-E2879EDECC16}.Debug|Any CPU.ActiveCfg = Debug|Any CPU
		{8633692F-4B3A-4451-96A7-E2879EDECC16}.Debug|Any CPU.Build.0 = Debug|Any CPU
		{8633692F-4B3A-4451-96A7-E2879EDECC16}.Release|Any CPU.ActiveCfg = Release|Any CPU
		{8633692F-4B3A-4451-96A7-E2879EDECC16}.Release|Any CPU.Build.0 = Release|Any CPU
		{76224084-BBF2-47BC-8B7B-E809BA7977B4}.Debug|Any CPU.ActiveCfg = Debug|Any CPU
		{76224084-BBF2-47BC-8B7B-E809BA7977B4}.Debug|Any CPU.Build.0 = Debug|Any CPU
		{76224084-BBF2-47BC-8B7B-E809BA7977B4}.Release|Any CPU.ActiveCfg = Release|Any CPU
		{76224084-BBF2-47BC-8B7B-E809BA7977B4}.Release|Any CPU.Build.0 = Release|Any CPU
		{1D89A91E-89BB-4485-8FE0-DAB01F97B0B0}.Debug|Any CPU.ActiveCfg = Debug|Any CPU
		{1D89A91E-89BB-4485-8FE0-DAB01F97B0B0}.Debug|Any CPU.Build.0 = Debug|Any CPU
		{1D89A91E-89BB-4485-8FE0-DAB01F97B0B0}.Release|Any CPU.ActiveCfg = Release|Any CPU
		{1D89A91E-89BB-4485-8FE0-DAB01F97B0B0}.Release|Any CPU.Build.0 = Release|Any CPU
		{77E7D3A6-4A17-4A8A-A431-AF58CE104583}.Debug|Any CPU.ActiveCfg = Debug|Any CPU
		{77E7D3A6-4A17-4A8A-A431-AF58CE104583}.Debug|Any CPU.Build.0 = Debug|Any CPU
		{77E7D3A6-4A17-4A8A-A431-AF58CE104583}.Release|Any CPU.ActiveCfg = Release|Any CPU
		{77E7D3A6-4A17-4A8A-A431-AF58CE104583}.Release|Any CPU.Build.0 = Release|Any CPU
		{500A5FA3-AEE5-4A82-AD14-2150B123B33E}.Debug|Any CPU.ActiveCfg = Debug|Any CPU
		{500A5FA3-AEE5-4A82-AD14-2150B123B33E}.Debug|Any CPU.Build.0 = Debug|Any CPU
		{500A5FA3-AEE5-4A82-AD14-2150B123B33E}.Release|Any CPU.ActiveCfg = Release|Any CPU
		{500A5FA3-AEE5-4A82-AD14-2150B123B33E}.Release|Any CPU.Build.0 = Release|Any CPU
		{253E28EB-63C6-4258-80D6-678FD43EF888}.Debug|Any CPU.ActiveCfg = Debug|Any CPU
		{253E28EB-63C6-4258-80D6-678FD43EF888}.Debug|Any CPU.Build.0 = Debug|Any CPU
		{253E28EB-63C6-4258-80D6-678FD43EF888}.Release|Any CPU.ActiveCfg = Release|Any CPU
		{253E28EB-63C6-4258-80D6-678FD43EF888}.Release|Any CPU.Build.0 = Release|Any CPU
	EndGlobalSection
	GlobalSection(SolutionProperties) = preSolution
		HideSolutionNode = FALSE
	EndGlobalSection
	GlobalSection(ExtensibilityGlobals) = postSolution
		SolutionGuid = {FF853302-271B-4AE3-9F04-2215A801A606}
	EndGlobalSection
EndGlobal
